
Microsoft Visual Studio Solution File, Format Version 12.00
# Visual Studio Version 17
VisualStudioVersion = 17.14.37111.16
MinimumVisualStudioVersion = 10.0.40219.1
Project("{FAE04EC0-301F-11D3-BF4B-00C04F79EFBC}") = "TraderApp.Domain", "TraderApp.Domain\TraderApp.Domain.csproj", "{9CC51A27-6977-4A30-B080-19F4FB9EA25A}"
EndProject
Project("{FAE04EC0-301F-11D3-BF4B-00C04F79EFBC}") = "TraderApp.Application", "TraderApp.Application\TraderApp.Application.csproj", "{1913B417-D3C2-4992-82DB-DE9B514C9068}"
EndProject
Project("{FAE04EC0-301F-11D3-BF4B-00C04F79EFBC}") = "TraderApp.Infrastructure", "TraderApp.Infrastructure\TraderApp.Infrastructure.csproj", "{B6C08E99-310C-49F0-B954-4EE922DD2127}"
EndProject
Project("{FAE04EC0-301F-11D3-BF4B-00C04F79EFBC}") = "TraderApp.Wpf", "TraderApp.Wpf\TraderApp.Wpf.csproj", "{FDB221C2-72F0-4C06-AF1F-4689569119FA}"
EndProject
Project("{FAE04EC0-301F-11D3-BF4B-00C04F79EFBC}") = "TraderApp.FinancialApi", "TraderApp.FinancialApi\TraderApp.FinancialApi.csproj", "{8C5CCF4F-4B8C-443E-8CCA-6314D367CEBA}"
EndProject
Project("{2150E333-8FDC-42A3-9474-1A3956D46DE8}") = "src", "src", "{02EA681E-C7D8-13C7-8484-4AC65E1B71E8}"
EndProject
Project("{2150E333-8FDC-42A3-9474-1A3956D46DE8}") = "tests", "tests", "{7ED53605-E5D2-4064-9611-7B98EB368893}"
EndProject
Project("{FAE04EC0-301F-11D3-BF4B-00C04F79EFBC}") = "TraderApp.Domain.Tests", "TraderApp.Domain.Tests\TraderApp.Domain.Tests.csproj", "{43BD955F-54F5-4630-B7D6-D5012FE68EED}"
EndProject
Project("{FAE04EC0-301F-11D3-BF4B-00C04F79EFBC}") = "TradeApp.Infrastructure.Tests", "TradeApp.Infrastructure.Tests\TradeApp.Infrastructure.Tests.csproj", "{0DF77DEC-069B-4B2B-A8AE-4B61595E4924}"
EndProject
Global
	GlobalSection(SolutionConfigurationPlatforms) = preSolution
		Debug|Any CPU = Debug|Any CPU
		Release|Any CPU = Release|Any CPU
	EndGlobalSection
	GlobalSection(ProjectConfigurationPlatforms) = postSolution
		{9CC51A27-6977-4A30-B080-19F4FB9EA25A}.Debug|Any CPU.ActiveCfg = Debug|Any CPU
		{9CC51A27-6977-4A30-B080-19F4FB9EA25A}.Debug|Any CPU.Build.0 = Debug|Any CPU
		{9CC51A27-6977-4A30-B080-19F4FB9EA25A}.Release|Any CPU.ActiveCfg = Release|Any CPU
		{9CC51A27-6977-4A30-B080-19F4FB9EA25A}.Release|Any CPU.Build.0 = Release|Any CPU
		{1913B417-D3C2-4992-82DB-DE9B514C9068}.Debug|Any CPU.ActiveCfg = Debug|Any CPU
		{1913B417-D3C2-4992-82DB-DE9B514C9068}.Debug|Any CPU.Build.0 = Debug|Any CPU
		{1913B417-D3C2-4992-82DB-DE9B514C9068}.Release|Any CPU.ActiveCfg = Release|Any CPU
		{1913B417-D3C2-4992-82DB-DE9B514C9068}.Release|Any CPU.Build.0 = Release|Any CPU
		{B6C08E99-310C-49F0-B954-4EE922DD2127}.Debug|Any CPU.ActiveCfg = Debug|Any CPU
		{B6C08E99-310C-49F0-B954-4EE922DD2127}.Debug|Any CPU.Build.0 = Debug|Any CPU
		{B6C08E99-310C-49F0-B954-4EE922DD2127}.Release|Any CPU.ActiveCfg = Release|Any CPU
		{B6C08E99-310C-49F0-B954-4EE922DD2127}.Release|Any CPU.Build.0 = Release|Any CPU
		{FDB221C2-72F0-4C06-AF1F-4689569119FA}.Debug|Any CPU.ActiveCfg = Debug|Any CPU
		{FDB221C2-72F0-4C06-AF1F-4689569119FA}.Debug|Any CPU.Build.0 = Debug|Any CPU
		{FDB221C2-72F0-4C06-AF1F-4689569119FA}.Release|Any CPU.ActiveCfg = Release|Any CPU
		{FDB221C2-72F0-4C06-AF1F-4689569119FA}.Release|Any CPU.Build.0 = Release|Any CPU
		{8C5CCF4F-4B8C-443E-8CCA-6314D367CEBA}.Debug|Any CPU.ActiveCfg = Debug|Any CPU
		{8C5CCF4F-4B8C-443E-8CCA-6314D367CEBA}.Debug|Any CPU.Build.0 = Debug|Any CPU
		{8C5CCF4F-4B8C-443E-8CCA-6314D367CEBA}.Release|Any CPU.ActiveCfg = Release|Any CPU
		{8C5CCF4F-4B8C-443E-8CCA-6314D367CEBA}.Release|Any CPU.Build.0 = Release|Any CPU
		{43BD955F-54F5-4630-B7D6-D5012FE68EED}.Debug|Any CPU.ActiveCfg = Debug|Any CPU
		{43BD955F-54F5-4630-B7D6-D5012FE68EED}.Debug|Any CPU.Build.0 = Debug|Any CPU
		{43BD955F-54F5-4630-B7D6-D5012FE68EED}.Release|Any CPU.ActiveCfg = Release|Any CPU
		{43BD955F-54F5-4630-B7D6-D5012FE68EED}.Release|Any CPU.Build.0 = Release|Any CPU
		{0DF77DEC-069B-4B2B-A8AE-4B61595E4924}.Debug|Any CPU.ActiveCfg = Debug|Any CPU
		{0DF77DEC-069B-4B2B-A8AE-4B61595E4924}.Debug|Any CPU.Build.0 = Debug|Any CPU
		{0DF77DEC-069B-4B2B-A8AE-4B61595E4924}.Release|Any CPU.ActiveCfg = Release|Any CPU
		{0DF77DEC-069B-4B2B-A8AE-4B61595E4924}.Release|Any CPU.Build.0 = Release|Any CPU
	EndGlobalSection
	GlobalSection(SolutionProperties) = preSolution
		HideSolutionNode = FALSE
	EndGlobalSection
	GlobalSection(NestedProjects) = preSolution
		{9CC51A27-6977-4A30-B080-19F4FB9EA25A} = {02EA681E-C7D8-13C7-8484-4AC65E1B71E8}
		{1913B417-D3C2-4992-82DB-DE9B514C9068} = {02EA681E-C7D8-13C7-8484-4AC65E1B71E8}
		{B6C08E99-310C-49F0-B954-4EE922DD2127} = {02EA681E-C7D8-13C7-8484-4AC65E1B71E8}
		{FDB221C2-72F0-4C06-AF1F-4689569119FA} = {02EA681E-C7D8-13C7-8484-4AC65E1B71E8}
		{8C5CCF4F-4B8C-443E-8CCA-6314D367CEBA} = {02EA681E-C7D8-13C7-8484-4AC65E1B71E8}
		{43BD955F-54F5-4630-B7D6-D5012FE68EED} = {7ED53605-E5D2-4064-9611-7B98EB368893}
		{0DF77DEC-069B-4B2B-A8AE-4B61595E4924} = {7ED53605-E5D2-4064-9611-7B98EB368893}
	EndGlobalSection
	GlobalSection(ExtensibilityGlobals) = postSolution
		SolutionGuid = {E88673A8-A60D-40E5-A7D8-177EF4A41A49}
	EndGlobalSection
EndGlobal
